{
    "_meta": {
        "hash": {
            "sha256": "48cc39490f4a54f3935139fec850eed4e07f6bf6faf49338e3dff9d8f6fd835e"
        },
        "pipfile-spec": 6,
        "requires": {
            "python_version": "3.8"
        },
        "sources": [
            {
                "name": "pypi",
                "url": "https://pypi.org/simple",
                "verify_ssl": true
            }
        ]
    },
    "default": {
        "certifi": {
            "hashes": [
                "sha256:5930595817496dd21bb8dc35dad090f1c2cd0adfaf21204bf6732ca5d8ee34d3",
                "sha256:8fc0819f1f30ba15bdb34cceffb9ef04d99f420f68eb75d901e9560b8749fc41"
            ],
            "version": "==2020.6.20"
        },
        "chardet": {
            "hashes": [
                "sha256:84ab92ed1c4d4f16916e05906b6b75a6c0fb5db821cc65e70cbd64a3e2a5eaae",
                "sha256:fc323ffcaeaed0e0a02bf4d117757b98aed530d9ed4531e3e15460124c106691"
            ],
            "version": "==3.0.4"
        },
        "dnspython": {
            "hashes": [
                "sha256:044af09374469c3a39eeea1a146e8cac27daec951f1f1f157b1962fc7cb9d1b7",
                "sha256:40bb3c24b9d4ec12500f0124288a65df232a3aa749bb0c39734b782873a2544d"
            ],
            "index": "pypi",
            "version": "==2.0.0"
        },
        "idna": {
            "hashes": [
                "sha256:b307872f855b18632ce0c21c5e45be78c0ea7ae4c15c828c20788b26921eb3f6",
                "sha256:b97d804b1e9b523befed77c48dacec60e6dcb0b5391d57af6a65a312a90648c0"
            ],
            "markers": "python_version >= '2.7' and python_version not in '3.0, 3.1, 3.2, 3.3'",
            "version": "==2.10"
        },
        "ppdeep": {
            "hashes": [
                "sha256:0335063cc96edfb2f90f546a5812c4a47d122dc7bd764b3eef48303d2bf41939",
                "sha256:acc74bb902e6d21b03d39aed740597093c6562185bfe06da9b5272e01c80a1ff"
            ],
            "index": "pypi",
            "version": "==20200505"
        },
        "requests": {
            "hashes": [
                "sha256:b3559a131db72c33ee969480840fff4bb6dd111de7dd27c8ee1f820f4f00231b",
                "sha256:fe75cc94a9443b9246fc7049224f75604b113c36acb93f87b80ed42c44cbb898"
            ],
            "index": "pypi",
            "version": "==2.24.0"
        },
        "tld": {
            "hashes": [
                "sha256:3e7ecadbc58632af78b2aa887d6eaf0d20983061720c070e5bd5639c2bcf63cb",
                "sha256:5eb6f39835c286189cd3bab7613e1d611fd03e91a5b1926172020c978881daef",
                "sha256:66d1b79284d014a40c36d675c1a56ec22a716d87da2a190b12fe2b267c5a95e9",
                "sha256:7a172dc412bb46624f6c61c7afa9ba581a9147699c94386b802830836752ba9f",
                "sha256:afc49c2d8d03ebd3cb686fc958747c03d0db5f51a5c5038c893a44fdae4a1987",
                "sha256:cf8410a7ed7b9477f563fa158dabef5117d8374cba55f65142ba0af6dcd15d4d"
            ],
            "index": "pypi",
            "version": "==0.12.2"
        },
        "urllib3": {
            "hashes": [
                "sha256:91056c15fa70756691db97756772bb1eb9678fa585d9184f24534b100dc60f4a",
                "sha256:e7983572181f5e1522d9c98453462384ee92a0be7fac5f1413a1e35c56cc0461"
            ],
            "markers": "python_version >= '2.7' and python_version not in '3.0, 3.1, 3.2, 3.3, 3.4' and python_version < '4'",
            "version": "==1.25.10"
        },
        "whois": {
            "hashes": [
                "sha256:1e0348c6cc763e1a7c87d32ce877e2531096928e477fdb2e100aa3783e2b4279"
            ],
            "index": "pypi",
            "version": "==0.9.7"
        }
    },
    "develop": {}
}
